
Microsoft Visual Studio Solution File, Format Version 12.00
# Visual Studio Version 17
VisualStudioVersion = 17.11.35208.52
MinimumVisualStudioVersion = 10.0.40219.1
Project("{FAE04EC0-301F-11D3-BF4B-00C04F79EFBC}") = "izza", "izza.csproj", "{FEE89532-16C6-4567-AC56-8D362A171022}"
EndProject
Global
	GlobalSection(SolutionConfigurationPlatforms) = preSolution
		Debug|Any CPU = Debug|Any CPU
		Release|Any CPU = Release|Any CPU
	EndGlobalSection
	GlobalSection(ProjectConfigurationPlatforms) = postSolution
		{FEE89532-16C6-4567-AC56-8D362A171022}.Debug|Any CPU.ActiveCfg = Debug|Any CPU
		{FEE89532-16C6-4567-AC56-8D362A171022}.Debug|Any CPU.Build.0 = Debug|Any CPU
		{FEE89532-16C6-4567-AC56-8D362A171022}.Release|Any CPU.ActiveCfg = Release|Any CPU
		{FEE89532-16C6-4567-AC56-8D362A171022}.Release|Any CPU.Build.0 = Release|Any CPU
	EndGlobalSection
	GlobalSection(SolutionProperties) = preSolution
		HideSolutionNode = FALSE
	EndGlobalSection
	GlobalSection(ExtensibilityGlobals) = postSolution
		SolutionGuid = {B5F66272-64E0-44B3-A708-65811168365C}
	EndGlobalSection
EndGlobal
